
Microsoft Visual Studio Solution File, Format Version 12.00
# Visual Studio 15
VisualStudioVersion = 15.0.27703.2026
MinimumVisualStudioVersion = 10.0.40219.1
Project("{FAE04EC0-301F-11D3-BF4B-00C04F79EFBC}") = "MinimumSpanningTree", "MinimumSpanningTree\MinimumSpanningTree.csproj", "{9F6FACC6-2E67-4D21-BC86-94C7A34E47BB}"
EndProject
Global
	GlobalSection(SolutionConfigurationPlatforms) = preSolution
		Debug|Any CPU = Debug|Any CPU
		Release|Any CPU = Release|Any CPU
	EndGlobalSection
	GlobalSection(ProjectConfigurationPlatforms) = postSolution
		{9F6FACC6-2E67-4D21-BC86-94C7A34E47BB}.Debug|Any CPU.ActiveCfg = Debug|Any CPU
		{9F6FACC6-2E67-4D21-BC86-94C7A34E47BB}.Debug|Any CPU.Build.0 = Debug|Any CPU
		{9F6FACC6-2E67-4D21-BC86-94C7A34E47BB}.Release|Any CPU.ActiveCfg = Release|Any CPU
		{9F6FACC6-2E67-4D21-BC86-94C7A34E47BB}.Release|Any CPU.Build.0 = Release|Any CPU
	EndGlobalSection
	GlobalSection(SolutionProperties) = preSolution
		HideSolutionNode = FALSE
	EndGlobalSection
	GlobalSection(ExtensibilityGlobals) = postSolution
		SolutionGuid = {B06D7755-4D99-4731-9241-412F003527DD}
	EndGlobalSection
EndGlobal
